
Microsoft Visual Studio Solution File, Format Version 12.00
# Visual Studio 2012
Project("{FAE04EC0-301F-11D3-BF4B-00C04F79EFBC}") = "VegetableMarket", "VegetableMarket\VegetableMarket.csproj", "{1D42CB31-F88F-4E64-9D19-427C88FF3D56}"
EndProject
Project("{FAE04EC0-301F-11D3-BF4B-00C04F79EFBC}") = "PipesInThePool", "PipesInThePool\PipesInThePool.csproj", "{6B64F71C-9357-47BE-A3A4-054EE96F51D6}"
EndProject
Project("{FAE04EC0-301F-11D3-BF4B-00C04F79EFBC}") = "Trip", "Trip\Trip.csproj", "{4212F541-FE76-47ED-81C5-CA6F663D7340}"
EndProject
Project("{FAE04EC0-301F-11D3-BF4B-00C04F79EFBC}") = "DivisionWithoutReminder", "DivisionWithoutReminder\DivisionWithoutReminder.csproj", "{3AF679A5-7F75-478F-992B-A02E21A5F22E}"
EndProject
Project("{FAE04EC0-301F-11D3-BF4B-00C04F79EFBC}") = "MagicNumbers", "MagicNumbers\MagicNumbers.csproj", "{1626E439-6B2E-4014-A396-30C986D6B4E8}"
EndProject
Project("{FAE04EC0-301F-11D3-BF4B-00C04F79EFBC}") = "Butterfly", "Butterfly\Butterfly.csproj", "{63C9E16C-7053-4220-9F58-879A308F742F}"
EndProject
Global
	GlobalSection(SolutionConfigurationPlatforms) = preSolution
		Debug|x86 = Debug|x86
		Release|x86 = Release|x86
	EndGlobalSection
	GlobalSection(ProjectConfigurationPlatforms) = postSolution
		{1626E439-6B2E-4014-A396-30C986D6B4E8}.Debug|x86.ActiveCfg = Debug|x86
		{1626E439-6B2E-4014-A396-30C986D6B4E8}.Debug|x86.Build.0 = Debug|x86
		{1626E439-6B2E-4014-A396-30C986D6B4E8}.Release|x86.ActiveCfg = Release|x86
		{1626E439-6B2E-4014-A396-30C986D6B4E8}.Release|x86.Build.0 = Release|x86
		{1D42CB31-F88F-4E64-9D19-427C88FF3D56}.Debug|x86.ActiveCfg = Debug|x86
		{1D42CB31-F88F-4E64-9D19-427C88FF3D56}.Debug|x86.Build.0 = Debug|x86
		{1D42CB31-F88F-4E64-9D19-427C88FF3D56}.Release|x86.ActiveCfg = Release|x86
		{1D42CB31-F88F-4E64-9D19-427C88FF3D56}.Release|x86.Build.0 = Release|x86
		{3AF679A5-7F75-478F-992B-A02E21A5F22E}.Debug|x86.ActiveCfg = Debug|x86
		{3AF679A5-7F75-478F-992B-A02E21A5F22E}.Debug|x86.Build.0 = Debug|x86
		{3AF679A5-7F75-478F-992B-A02E21A5F22E}.Release|x86.ActiveCfg = Release|x86
		{3AF679A5-7F75-478F-992B-A02E21A5F22E}.Release|x86.Build.0 = Release|x86
		{4212F541-FE76-47ED-81C5-CA6F663D7340}.Debug|x86.ActiveCfg = Debug|x86
		{4212F541-FE76-47ED-81C5-CA6F663D7340}.Debug|x86.Build.0 = Debug|x86
		{4212F541-FE76-47ED-81C5-CA6F663D7340}.Release|x86.ActiveCfg = Release|x86
		{4212F541-FE76-47ED-81C5-CA6F663D7340}.Release|x86.Build.0 = Release|x86
		{63C9E16C-7053-4220-9F58-879A308F742F}.Debug|x86.ActiveCfg = Debug|x86
		{63C9E16C-7053-4220-9F58-879A308F742F}.Debug|x86.Build.0 = Debug|x86
		{63C9E16C-7053-4220-9F58-879A308F742F}.Release|x86.ActiveCfg = Release|x86
		{63C9E16C-7053-4220-9F58-879A308F742F}.Release|x86.Build.0 = Release|x86
		{6B64F71C-9357-47BE-A3A4-054EE96F51D6}.Debug|x86.ActiveCfg = Debug|x86
		{6B64F71C-9357-47BE-A3A4-054EE96F51D6}.Debug|x86.Build.0 = Debug|x86
		{6B64F71C-9357-47BE-A3A4-054EE96F51D6}.Release|x86.ActiveCfg = Release|x86
		{6B64F71C-9357-47BE-A3A4-054EE96F51D6}.Release|x86.Build.0 = Release|x86
	EndGlobalSection
EndGlobal
