
Microsoft Visual Studio Solution File, Format Version 12.00
# Visual Studio 14
VisualStudioVersion = 14.0.25420.1
MinimumVisualStudioVersion = 10.0.40219.1
Project("{FAE04EC0-301F-11D3-BF4B-00C04F79EFBC}") = "SingleInheritance", "SingleInheritance\SingleInheritance.csproj", "{C7B31792-7601-40FC-822B-37850FBD7F3D}"
EndProject
Project("{FAE04EC0-301F-11D3-BF4B-00C04F79EFBC}") = "MultipleInheritance", "MultipleInheritance\MultipleInheritance.csproj", "{9850097B-D6BD-49DA-B889-DC9875AEA2A4}"
EndProject
Project("{FAE04EC0-301F-11D3-BF4B-00C04F79EFBC}") = "HierarchicalInheritance", "HierarchicalInheritance\HierarchicalInheritance.csproj", "{E8CB10CB-1671-475E-B096-A2486D7DB27B}"
EndProject
Project("{FAE04EC0-301F-11D3-BF4B-00C04F79EFBC}") = "04.RandomList", "04.RandomList\04.RandomList.csproj", "{3DE2F94B-A22B-4CB8-9BB6-F90BF705EE04}"
EndProject
Project("{FAE04EC0-301F-11D3-BF4B-00C04F79EFBC}") = "StackOfStringss", "StackOfStringss\StackOfStringss.csproj", "{72213881-A099-41FA-B3D9-87A7505755BD}"
EndProject
Global
	GlobalSection(SolutionConfigurationPlatforms) = preSolution
		Debug|Any CPU = Debug|Any CPU
		Release|Any CPU = Release|Any CPU
	EndGlobalSection
	GlobalSection(ProjectConfigurationPlatforms) = postSolution
		{C7B31792-7601-40FC-822B-37850FBD7F3D}.Debug|Any CPU.ActiveCfg = Debug|Any CPU
		{C7B31792-7601-40FC-822B-37850FBD7F3D}.Debug|Any CPU.Build.0 = Debug|Any CPU
		{C7B31792-7601-40FC-822B-37850FBD7F3D}.Release|Any CPU.ActiveCfg = Release|Any CPU
		{C7B31792-7601-40FC-822B-37850FBD7F3D}.Release|Any CPU.Build.0 = Release|Any CPU
		{9850097B-D6BD-49DA-B889-DC9875AEA2A4}.Debug|Any CPU.ActiveCfg = Debug|Any CPU
		{9850097B-D6BD-49DA-B889-DC9875AEA2A4}.Debug|Any CPU.Build.0 = Debug|Any CPU
		{9850097B-D6BD-49DA-B889-DC9875AEA2A4}.Release|Any CPU.ActiveCfg = Release|Any CPU
		{9850097B-D6BD-49DA-B889-DC9875AEA2A4}.Release|Any CPU.Build.0 = Release|Any CPU
		{E8CB10CB-1671-475E-B096-A2486D7DB27B}.Debug|Any CPU.ActiveCfg = Debug|Any CPU
		{E8CB10CB-1671-475E-B096-A2486D7DB27B}.Debug|Any CPU.Build.0 = Debug|Any CPU
		{E8CB10CB-1671-475E-B096-A2486D7DB27B}.Release|Any CPU.ActiveCfg = Release|Any CPU
		{E8CB10CB-1671-475E-B096-A2486D7DB27B}.Release|Any CPU.Build.0 = Release|Any CPU
		{3DE2F94B-A22B-4CB8-9BB6-F90BF705EE04}.Debug|Any CPU.ActiveCfg = Debug|Any CPU
		{3DE2F94B-A22B-4CB8-9BB6-F90BF705EE04}.Debug|Any CPU.Build.0 = Debug|Any CPU
		{3DE2F94B-A22B-4CB8-9BB6-F90BF705EE04}.Release|Any CPU.ActiveCfg = Release|Any CPU
		{3DE2F94B-A22B-4CB8-9BB6-F90BF705EE04}.Release|Any CPU.Build.0 = Release|Any CPU
		{72213881-A099-41FA-B3D9-87A7505755BD}.Debug|Any CPU.ActiveCfg = Debug|Any CPU
		{72213881-A099-41FA-B3D9-87A7505755BD}.Debug|Any CPU.Build.0 = Debug|Any CPU
		{72213881-A099-41FA-B3D9-87A7505755BD}.Release|Any CPU.ActiveCfg = Release|Any CPU
		{72213881-A099-41FA-B3D9-87A7505755BD}.Release|Any CPU.Build.0 = Release|Any CPU
	EndGlobalSection
	GlobalSection(SolutionProperties) = preSolution
		HideSolutionNode = FALSE
	EndGlobalSection
EndGlobal
