
Microsoft Visual Studio Solution File, Format Version 12.00
# Visual Studio 2013
VisualStudioVersion = 12.0.31101.0
MinimumVisualStudioVersion = 10.0.40219.1
Project("{FAE04EC0-301F-11D3-BF4B-00C04F79EFBC}") = "FallenInLove", "FallenInLove\FallenInLove.csproj", "{BEC8D1DC-8354-45F8-AB09-B97E7F1A498B}"
EndProject
Global
	GlobalSection(SolutionConfigurationPlatforms) = preSolution
		Debug|Any CPU = Debug|Any CPU
		Release|Any CPU = Release|Any CPU
	EndGlobalSection
	GlobalSection(ProjectConfigurationPlatforms) = postSolution
		{BEC8D1DC-8354-45F8-AB09-B97E7F1A498B}.Debug|Any CPU.ActiveCfg = Debug|Any CPU
		{BEC8D1DC-8354-45F8-AB09-B97E7F1A498B}.Debug|Any CPU.Build.0 = Debug|Any CPU
		{BEC8D1DC-8354-45F8-AB09-B97E7F1A498B}.Release|Any CPU.ActiveCfg = Release|Any CPU
		{BEC8D1DC-8354-45F8-AB09-B97E7F1A498B}.Release|Any CPU.Build.0 = Release|Any CPU
	EndGlobalSection
	GlobalSection(SolutionProperties) = preSolution
		HideSolutionNode = FALSE
	EndGlobalSection
EndGlobal
