
Microsoft Visual Studio Solution File, Format Version 12.00
# Visual Studio 14
VisualStudioVersion = 14.0.25420.1
MinimumVisualStudioVersion = 10.0.40219.1
Project("{FAE04EC0-301F-11D3-BF4B-00C04F79EFBC}") = "StudentsResults", "StudentsResults\StudentsResults.csproj", "{D9614787-4468-43F8-986E-94DF11D69B84}"
EndProject
Project("{FAE04EC0-301F-11D3-BF4B-00C04F79EFBC}") = "ParseURLs", "ParseURLs\ParseURLs.csproj", "{134EB5E0-087D-470A-9B16-19A64B0A5BA3}"
EndProject
Project("{FAE04EC0-301F-11D3-BF4B-00C04F79EFBC}") = "ParseTags", "ParseTags\ParseTags.csproj", "{3F436CBC-13E6-449F-9BDB-01124F0EE2DA}"
EndProject
Project("{FAE04EC0-301F-11D3-BF4B-00C04F79EFBC}") = "SpecialWords", "SpecialWords\SpecialWords.csproj", "{1B98D7BC-47CB-4033-9F18-333777FD928F}"
EndProject
Project("{FAE04EC0-301F-11D3-BF4B-00C04F79EFBC}") = "Concatenatestrings", "Concatenatestrings\Concatenatestrings.csproj", "{E9999F33-78D8-42CC-A6F0-ECF84051D597}"
EndProject
Global
	GlobalSection(SolutionConfigurationPlatforms) = preSolution
		Debug|Any CPU = Debug|Any CPU
		Release|Any CPU = Release|Any CPU
	EndGlobalSection
	GlobalSection(ProjectConfigurationPlatforms) = postSolution
		{D9614787-4468-43F8-986E-94DF11D69B84}.Debug|Any CPU.ActiveCfg = Debug|Any CPU
		{D9614787-4468-43F8-986E-94DF11D69B84}.Debug|Any CPU.Build.0 = Debug|Any CPU
		{D9614787-4468-43F8-986E-94DF11D69B84}.Release|Any CPU.ActiveCfg = Release|Any CPU
		{D9614787-4468-43F8-986E-94DF11D69B84}.Release|Any CPU.Build.0 = Release|Any CPU
		{134EB5E0-087D-470A-9B16-19A64B0A5BA3}.Debug|Any CPU.ActiveCfg = Debug|Any CPU
		{134EB5E0-087D-470A-9B16-19A64B0A5BA3}.Debug|Any CPU.Build.0 = Debug|Any CPU
		{134EB5E0-087D-470A-9B16-19A64B0A5BA3}.Release|Any CPU.ActiveCfg = Release|Any CPU
		{134EB5E0-087D-470A-9B16-19A64B0A5BA3}.Release|Any CPU.Build.0 = Release|Any CPU
		{3F436CBC-13E6-449F-9BDB-01124F0EE2DA}.Debug|Any CPU.ActiveCfg = Debug|Any CPU
		{3F436CBC-13E6-449F-9BDB-01124F0EE2DA}.Debug|Any CPU.Build.0 = Debug|Any CPU
		{3F436CBC-13E6-449F-9BDB-01124F0EE2DA}.Release|Any CPU.ActiveCfg = Release|Any CPU
		{3F436CBC-13E6-449F-9BDB-01124F0EE2DA}.Release|Any CPU.Build.0 = Release|Any CPU
		{1B98D7BC-47CB-4033-9F18-333777FD928F}.Debug|Any CPU.ActiveCfg = Debug|Any CPU
		{1B98D7BC-47CB-4033-9F18-333777FD928F}.Debug|Any CPU.Build.0 = Debug|Any CPU
		{1B98D7BC-47CB-4033-9F18-333777FD928F}.Release|Any CPU.ActiveCfg = Release|Any CPU
		{1B98D7BC-47CB-4033-9F18-333777FD928F}.Release|Any CPU.Build.0 = Release|Any CPU
		{E9999F33-78D8-42CC-A6F0-ECF84051D597}.Debug|Any CPU.ActiveCfg = Debug|Any CPU
		{E9999F33-78D8-42CC-A6F0-ECF84051D597}.Debug|Any CPU.Build.0 = Debug|Any CPU
		{E9999F33-78D8-42CC-A6F0-ECF84051D597}.Release|Any CPU.ActiveCfg = Release|Any CPU
		{E9999F33-78D8-42CC-A6F0-ECF84051D597}.Release|Any CPU.Build.0 = Release|Any CPU
	EndGlobalSection
	GlobalSection(SolutionProperties) = preSolution
		HideSolutionNode = FALSE
	EndGlobalSection
EndGlobal
